{
  "name": "vault-orm",
  "version": "0.1.4",
  "lockfileVersion": 1,
  "requires": true,
  "dependencies": {
    "@types/bson": {
      "version": "1.0.8",
      "resolved": "https://registry.npmjs.org/@types/bson/-/bson-1.0.8.tgz",
      "integrity": "sha512-PMa4nkRhLaqwsXQDDTzGbTyCIpej0ERznyAP9fyuGnlsmUbcC4Y25mdqjibYjkOPNyK/BWWUKneruaKHcS3Q8g==",
      "requires": {
        "@types/node": "*"
      },
      "dependencies": {
        "@types/node": {
          "version": "10.3.2",
          "resolved": "https://registry.npmjs.org/@types/node/-/node-10.3.2.tgz",
          "integrity": "sha512-9NfEUDp3tgRhmoxzTpTo+lq+KIVFxZahuRX0LHF/9IzKHaWuoWsIrrJ61zw5cnnlGINX8lqJzXYfQTOICS5Q+A=="
        }
      }
    },
    "@types/events": {
      "version": "1.2.0",
      "resolved": "https://registry.npmjs.org/@types/events/-/events-1.2.0.tgz",
      "integrity": "sha512-KEIlhXnIutzKwRbQkGWb/I4HFqBuUykAdHgDED6xqwXJfONCjF5VoE0cXEiurh3XauygxzeDzgtXUqvLkxFzzA=="
    },
    "@types/mongodb": {
      "version": "3.0.19",
      "resolved": "https://registry.npmjs.org/@types/mongodb/-/mongodb-3.0.19.tgz",
      "integrity": "sha512-KK30PZmGuCqSJQgb3tozzjy5hpQswMsAuqkO+T8vCUh9bSz1sZGx1nAOu79IzVNh2vBy1Xj46vk4A0PUHN5yBg==",
      "requires": {
        "@types/bson": "*",
        "@types/events": "*",
        "@types/node": "*"
      },
      "dependencies": {
        "@types/node": {
          "version": "10.3.2",
          "resolved": "https://registry.npmjs.org/@types/node/-/node-10.3.2.tgz",
          "integrity": "sha512-9NfEUDp3tgRhmoxzTpTo+lq+KIVFxZahuRX0LHF/9IzKHaWuoWsIrrJ61zw5cnnlGINX8lqJzXYfQTOICS5Q+A=="
        }
      }
    },
    "@types/node": {
      "version": "9.6.21",
      "resolved": "https://registry.npmjs.org/@types/node/-/node-9.6.21.tgz",
      "integrity": "sha512-zQS6mHzxEstR8Vvnpc3JDUCDGWnHFzMTcBu9UCZoVLuj1Uvkkk0qFKJQEhlvbsX34m3xt12ejV09eO/ljZcn7A==",
      "dev": true
    },
    "bson": {
      "version": "1.0.9",
      "resolved": "https://registry.npmjs.org/bson/-/bson-1.0.9.tgz",
      "integrity": "sha512-IQX9/h7WdMBIW/q/++tGd+emQr0XMdeZ6icnT/74Xk9fnabWn+gZgpE+9V+gujL3hhJOoNrnDVY7tWdzc7NUTg=="
    },
    "mongodb": {
      "version": "3.0.10",
      "resolved": "https://registry.npmjs.org/mongodb/-/mongodb-3.0.10.tgz",
      "integrity": "sha512-jy9s4FgcM4rl8sHNETYHGeWcuRh9AlwQCUuMiTj041t/HD02HwyFgmm2VZdd9/mA9YNHaUJLqj0tzBx2QFivtg==",
      "requires": {
        "mongodb-core": "3.0.9"
      }
    },
    "mongodb-core": {
      "version": "3.0.9",
      "resolved": "https://registry.npmjs.org/mongodb-core/-/mongodb-core-3.0.9.tgz",
      "integrity": "sha512-buOWjdLLBlEqjHDeHYSXqXx173wHMVp7bafhdHxSjxWdB9V6Ri4myTqxjYZwL/eGFZxvd8oRQSuhwuIDbaaB+g==",
      "requires": {
        "bson": "~1.0.4",
        "require_optional": "^1.0.1"
      }
    },
    "releasenext": {
      "version": "git+https://github.com/gerard2p/releasenext.git#755c9dded497d8aa5ba62d5873afc767c3fd2c60",
      "from": "git+https://github.com/gerard2p/releasenext.git",
      "dev": true
    },
    "require_optional": {
      "version": "1.0.1",
      "resolved": "https://registry.npmjs.org/require_optional/-/require_optional-1.0.1.tgz",
      "integrity": "sha512-qhM/y57enGWHAe3v/NcwML6a3/vfESLe/sGM2dII+gEO0BpKRUkWZow/tyloNqJyN6kXSl3RyyM8Ll5D/sJP8g==",
      "requires": {
        "resolve-from": "^2.0.0",
        "semver": "^5.1.0"
      }
    },
    "resolve-from": {
      "version": "2.0.0",
      "resolved": "https://registry.npmjs.org/resolve-from/-/resolve-from-2.0.0.tgz",
      "integrity": "sha1-lICrIOlP+h2egKgEx+oUdhGWa1c="
    },
    "semver": {
      "version": "5.5.0",
      "resolved": "https://registry.npmjs.org/semver/-/semver-5.5.0.tgz",
      "integrity": "sha512-4SJ3dm0WAwWy/NVeioZh5AntkdJoWKxHxcmyP622fOkgHa4z3R0TdBJICINyaSDE6uNwVc8gZr+ZinwZAH4xIA=="
    },
    "typescript": {
      "version": "2.9.1",
      "resolved": "https://registry.npmjs.org/typescript/-/typescript-2.9.1.tgz",
      "integrity": "sha512-h6pM2f/GDchCFlldnriOhs1QHuwbnmj6/v7499eMHqPeW4V2G0elua2eIc2nu8v2NdHV0Gm+tzX83Hr6nUFjQA==",
      "dev": true
    }
  }
}
